// !$*UTF8*$!
{
	archiveVersion = 1;
	classes = {
	};
	objectVersion = 56;
	objects = {

/* Begin PBXBuildFile section */
		8A0139A32B97D1820079F240 /* tropical.png in Resources */ = {isa = PBXBuildFile; fileRef = 8A0139A02B97D1820079F240 /* tropical.png */; };
		8A0139A42B97D1820079F240 /* lowball.png in Resources */ = {isa = PBXBuildFile; fileRef = 8A0139A12B97D1820079F240 /* lowball.png */; };
		8A0139A72B97D31A0079F240 /* martini-310425_1280.png in Resources */ = {isa = PBXBuildFile; fileRef = 8A0139A52B97D31A0079F240 /* martini-310425_1280.png */; };
		8A0139A82B97D31A0079F240 /* whiskey.png in Resources */ = {isa = PBXBuildFile; fileRef = 8A0139A62B97D31A0079F240 /* whiskey.png */; };
		8A82CF802B9672B90049096A /* MenuListRow.swift in Sources */ = {isa = PBXBuildFile; fileRef = 8A82CF7F2B9672B90049096A /* MenuListRow.swift */; };
		8AB706322B926F4D009A2EC3 /* MenuDetailView.swift in Sources */ = {isa = PBXBuildFile; fileRef = 8AB706312B926F4D009A2EC3 /* MenuDetailView.swift */; };
		8AC142A92B8A6ACE002807F5 /* My_Cocktail_CollectionApp.swift in Sources */ = {isa = PBXBuildFile; fileRef = 8AC142A82B8A6ACE002807F5 /* My_Cocktail_CollectionApp.swift */; };
		8AC142AB2B8A6ACE002807F5 /* ContentView.swift in Sources */ = {isa = PBXBuildFile; fileRef = 8AC142AA2B8A6ACE002807F5 /* ContentView.swift */; };
		8AC142AD2B8A6ACF002807F5 /* Assets.xcassets in Resources */ = {isa = PBXBuildFile; fileRef = 8AC142AC2B8A6ACF002807F5 /* Assets.xcassets */; };
		8AC142B02B8A6ACF002807F5 /* Preview Assets.xcassets in Resources */ = {isa = PBXBuildFile; fileRef = 8AC142AF2B8A6ACF002807F5 /* Preview Assets.xcassets */; };
		8AC142BA2B8A6ACF002807F5 /* My_Cocktail_CollectionTests.swift in Sources */ = {isa = PBXBuildFile; fileRef = 8AC142B92B8A6ACF002807F5 /* My_Cocktail_CollectionTests.swift */; };
		8AC142C42B8A6ACF002807F5 /* My_Cocktail_CollectionUITests.swift in Sources */ = {isa = PBXBuildFile; fileRef = 8AC142C32B8A6ACF002807F5 /* My_Cocktail_CollectionUITests.swift */; };
		8AC142C62B8A6ACF002807F5 /* My_Cocktail_CollectionUITestsLaunchTests.swift in Sources */ = {isa = PBXBuildFile; fileRef = 8AC142C52B8A6ACF002807F5 /* My_Cocktail_CollectionUITestsLaunchTests.swift */; };
		8AC142D42B8A6C01002807F5 /* CocktailRecipe.xcdatamodeld in Sources */ = {isa = PBXBuildFile; fileRef = 8AC142D22B8A6C01002807F5 /* CocktailRecipe.xcdatamodeld */; };
		8AC142D62B8A6C83002807F5 /* DataController.swift in Sources */ = {isa = PBXBuildFile; fileRef = 8AC142D52B8A6C83002807F5 /* DataController.swift */; };
		8AC142D82B8A759B002807F5 /* AddEditCocktailRecipeView.swift in Sources */ = {isa = PBXBuildFile; fileRef = 8AC142D72B8A759B002807F5 /* AddEditCocktailRecipeView.swift */; };
		8AC142DA2B8A79FE002807F5 /* CocktailListView.swift in Sources */ = {isa = PBXBuildFile; fileRef = 8AC142D92B8A79FE002807F5 /* CocktailListView.swift */; };
		8AC142E12B8B9E54002807F5 /* MessageComposer.swift in Sources */ = {isa = PBXBuildFile; fileRef = 8AC142E02B8B9E54002807F5 /* MessageComposer.swift */; };
		8AC142E32B8BB399002807F5 /* UIFormatingHelpers.swift in Sources */ = {isa = PBXBuildFile; fileRef = 8AC142E22B8BB399002807F5 /* UIFormatingHelpers.swift */; };
		8AC142E72B8D52CB002807F5 /* AddEditSpirit.swift in Sources */ = {isa = PBXBuildFile; fileRef = 8AC142E62B8D52CB002807F5 /* AddEditSpirit.swift */; };
		8AC142E92B8D57AD002807F5 /* SpiritListView.swift in Sources */ = {isa = PBXBuildFile; fileRef = 8AC142E82B8D57AD002807F5 /* SpiritListView.swift */; };
		8AC142EB2B8F98D9002807F5 /* CocktailDetailView.swift in Sources */ = {isa = PBXBuildFile; fileRef = 8AC142EA2B8F98D9002807F5 /* CocktailDetailView.swift */; };
		8AC369D92BA36ED500516C03 /* TextFile.swift in Sources */ = {isa = PBXBuildFile; fileRef = 8AC369D82BA36ED500516C03 /* TextFile.swift */; };
		8AC369E12BA380E900516C03 /* PicPicker.swift in Sources */ = {isa = PBXBuildFile; fileRef = 8AC369E02BA380E900516C03 /* PicPicker.swift */; };
		8AFAEA962B90D17C0000A087 /* ImagePicker.swift in Sources */ = {isa = PBXBuildFile; fileRef = 8AFAEA952B90D17C0000A087 /* ImagePicker.swift */; };
		8AFAEA982B90E1B90000A087 /* Launch Screen.storyboard in Resources */ = {isa = PBXBuildFile; fileRef = 8AFAEA972B90E1B90000A087 /* Launch Screen.storyboard */; };
		8AFAEAA12B912DC10000A087 /* AddEditMenuView.swift in Sources */ = {isa = PBXBuildFile; fileRef = 8AFAEAA02B912DC10000A087 /* AddEditMenuView.swift */; };
		8AFAEAA32B9135590000A087 /* AddMenuItemView.swift in Sources */ = {isa = PBXBuildFile; fileRef = 8AFAEAA22B9135590000A087 /* AddMenuItemView.swift */; };
		8AFAEAA52B913F100000A087 /* MenuItemListView.swift in Sources */ = {isa = PBXBuildFile; fileRef = 8AFAEAA42B913F100000A087 /* MenuItemListView.swift */; };
		8AFAEAA72B91442C0000A087 /* MenusListView.swift in Sources */ = {isa = PBXBuildFile; fileRef = 8AFAEAA62B91442C0000A087 /* MenusListView.swift */; };
/* End PBXBuildFile section */

/* Begin PBXContainerItemProxy section */
		8AC142C02B8A6ACF002807F5 /* PBXContainerItemProxy */ = {
			isa = PBXContainerItemProxy;
			containerPortal = 8AC1429D2B8A6ACE002807F5 /* Project object */;
			proxyType = 1;
			remoteGlobalIDString = 8AC142A42B8A6ACE002807F5;
			remoteInfo = "My Cocktail Collection";
		};
/* End PBXContainerItemProxy section */

/* Begin PBXFileReference section */
		8A0139A02B97D1820079F240 /* tropical.png */ = {isa = PBXFileReference; lastKnownFileType = image.png; path = tropical.png; sourceTree = "<group>"; };
		8A0139A12B97D1820079F240 /* lowball.png */ = {isa = PBXFileReference; lastKnownFileType = image.png; path = lowball.png; sourceTree = "<group>"; };
		8A0139A52B97D31A0079F240 /* martini-310425_1280.png */ = {isa = PBXFileReference; lastKnownFileType = image.png; path = "martini-310425_1280.png"; sourceTree = "<group>"; };
		8A0139A62B97D31A0079F240 /* whiskey.png */ = {isa = PBXFileReference; lastKnownFileType = image.png; path = whiskey.png; sourceTree = "<group>"; };
		8A82CF7F2B9672B90049096A /* MenuListRow.swift */ = {isa = PBXFileReference; lastKnownFileType = sourcecode.swift; path = MenuListRow.swift; sourceTree = "<group>"; };
		8AB706312B926F4D009A2EC3 /* MenuDetailView.swift */ = {isa = PBXFileReference; lastKnownFileType = sourcecode.swift; path = MenuDetailView.swift; sourceTree = "<group>"; };
		8AC142A52B8A6ACE002807F5 /* My Cocktail Collection.app */ = {isa = PBXFileReference; explicitFileType = wrapper.application; includeInIndex = 0; path = "My Cocktail Collection.app"; sourceTree = BUILT_PRODUCTS_DIR; };
		8AC142A82B8A6ACE002807F5 /* My_Cocktail_CollectionApp.swift */ = {isa = PBXFileReference; lastKnownFileType = sourcecode.swift; path = My_Cocktail_CollectionApp.swift; sourceTree = "<group>"; };
		8AC142AA2B8A6ACE002807F5 /* ContentView.swift */ = {isa = PBXFileReference; lastKnownFileType = sourcecode.swift; path = ContentView.swift; sourceTree = "<group>"; };
		8AC142AC2B8A6ACF002807F5 /* Assets.xcassets */ = {isa = PBXFileReference; lastKnownFileType = folder.assetcatalog; path = Assets.xcassets; sourceTree = "<group>"; };
		8AC142AF2B8A6ACF002807F5 /* Preview Assets.xcassets */ = {isa = PBXFileReference; lastKnownFileType = folder.assetcatalog; path = "Preview Assets.xcassets"; sourceTree = "<group>"; };
		8AC142B52B8A6ACF002807F5 /* My Cocktail CollectionTests.xctest */ = {isa = PBXFileReference; explicitFileType = wrapper.cfbundle; includeInIndex = 0; path = "My Cocktail CollectionTests.xctest"; sourceTree = BUILT_PRODUCTS_DIR; };
		8AC142B92B8A6ACF002807F5 /* My_Cocktail_CollectionTests.swift */ = {isa = PBXFileReference; lastKnownFileType = sourcecode.swift; path = My_Cocktail_CollectionTests.swift; sourceTree = "<group>"; };
		8AC142BF2B8A6ACF002807F5 /* My Cocktail CollectionUITests.xctest */ = {isa = PBXFileReference; explicitFileType = wrapper.cfbundle; includeInIndex = 0; path = "My Cocktail CollectionUITests.xctest"; sourceTree = BUILT_PRODUCTS_DIR; };
		8AC142C32B8A6ACF002807F5 /* My_Cocktail_CollectionUITests.swift */ = {isa = PBXFileReference; lastKnownFileType = sourcecode.swift; path = My_Cocktail_CollectionUITests.swift; sourceTree = "<group>"; };
		8AC142C52B8A6ACF002807F5 /* My_Cocktail_CollectionUITestsLaunchTests.swift */ = {isa = PBXFileReference; lastKnownFileType = sourcecode.swift; path = My_Cocktail_CollectionUITestsLaunchTests.swift; sourceTree = "<group>"; };
		8AC142D32B8A6C01002807F5 /* CocktailRecipe.xcdatamodel */ = {isa = PBXFileReference; lastKnownFileType = wrapper.xcdatamodel; path = CocktailRecipe.xcdatamodel; sourceTree = "<group>"; };
		8AC142D52B8A6C83002807F5 /* DataController.swift */ = {isa = PBXFileReference; lastKnownFileType = sourcecode.swift; path = DataController.swift; sourceTree = "<group>"; };
		8AC142D72B8A759B002807F5 /* AddEditCocktailRecipeView.swift */ = {isa = PBXFileReference; lastKnownFileType = sourcecode.swift; path = AddEditCocktailRecipeView.swift; sourceTree = "<group>"; };
		8AC142D92B8A79FE002807F5 /* CocktailListView.swift */ = {isa = PBXFileReference; lastKnownFileType = sourcecode.swift; path = CocktailListView.swift; sourceTree = "<group>"; };
		8AC142E02B8B9E54002807F5 /* MessageComposer.swift */ = {isa = PBXFileReference; lastKnownFileType = sourcecode.swift; path = MessageComposer.swift; sourceTree = "<group>"; };
		8AC142E22B8BB399002807F5 /* UIFormatingHelpers.swift */ = {isa = PBXFileReference; lastKnownFileType = sourcecode.swift; path = UIFormatingHelpers.swift; sourceTree = "<group>"; };
		8AC142E62B8D52CB002807F5 /* AddEditSpirit.swift */ = {isa = PBXFileReference; lastKnownFileType = sourcecode.swift; path = AddEditSpirit.swift; sourceTree = "<group>"; };
		8AC142E82B8D57AD002807F5 /* SpiritListView.swift */ = {isa = PBXFileReference; lastKnownFileType = sourcecode.swift; path = SpiritListView.swift; sourceTree = "<group>"; };
		8AC142EA2B8F98D9002807F5 /* CocktailDetailView.swift */ = {isa = PBXFileReference; lastKnownFileType = sourcecode.swift; path = CocktailDetailView.swift; sourceTree = "<group>"; };
		8AC369D82BA36ED500516C03 /* TextFile.swift */ = {isa = PBXFileReference; lastKnownFileType = sourcecode.swift; path = TextFile.swift; sourceTree = "<group>"; };
		8AC369E02BA380E900516C03 /* PicPicker.swift */ = {isa = PBXFileReference; lastKnownFileType = sourcecode.swift; path = PicPicker.swift; sourceTree = "<group>"; };
		8AFAEA952B90D17C0000A087 /* ImagePicker.swift */ = {isa = PBXFileReference; lastKnownFileType = sourcecode.swift; path = ImagePicker.swift; sourceTree = "<group>"; };
		8AFAEA972B90E1B90000A087 /* Launch Screen.storyboard */ = {isa = PBXFileReference; lastKnownFileType = file.storyboard; path = "Launch Screen.storyboard"; sourceTree = "<group>"; };
		8AFAEA992B90E2F40000A087 /* IMG_6665.heic */ = {isa = PBXFileReference; lastKnownFileType = file; path = IMG_6665.heic; sourceTree = "<group>"; };
		8AFAEAA02B912DC10000A087 /* AddEditMenuView.swift */ = {isa = PBXFileReference; lastKnownFileType = sourcecode.swift; path = AddEditMenuView.swift; sourceTree = "<group>"; };
		8AFAEAA22B9135590000A087 /* AddMenuItemView.swift */ = {isa = PBXFileReference; lastKnownFileType = sourcecode.swift; path = AddMenuItemView.swift; sourceTree = "<group>"; };
		8AFAEAA42B913F100000A087 /* MenuItemListView.swift */ = {isa = PBXFileReference; lastKnownFileType = sourcecode.swift; path = MenuItemListView.swift; sourceTree = "<group>"; };
		8AFAEAA62B91442C0000A087 /* MenusListView.swift */ = {isa = PBXFileReference; lastKnownFileType = sourcecode.swift; path = MenusListView.swift; sourceTree = "<group>"; };
/* End PBXFileReference section */

/* Begin PBXFrameworksBuildPhase section */
		8AC142A22B8A6ACE002807F5 /* Frameworks */ = {
			isa = PBXFrameworksBuildPhase;
			buildActionMask = 2147483647;
			files = (
			);
			runOnlyForDeploymentPostprocessing = 0;
		};
		8AC142B22B8A6ACF002807F5 /* Frameworks */ = {
			isa = PBXFrameworksBuildPhase;
			buildActionMask = 2147483647;
			files = (
			);
			runOnlyForDeploymentPostprocessing = 0;
		};
		8AC142BC2B8A6ACF002807F5 /* Frameworks */ = {
			isa = PBXFrameworksBuildPhase;
			buildActionMask = 2147483647;
			files = (
			);
			runOnlyForDeploymentPostprocessing = 0;
		};
/* End PBXFrameworksBuildPhase section */

/* Begin PBXGroup section */
		8A01399E2B97CFBF0079F240 /* Resources */ = {
			isa = PBXGroup;
			children = (
				8A0139A62B97D31A0079F240 /* whiskey.png */,
				8A0139A12B97D1820079F240 /* lowball.png */,
				8A0139A02B97D1820079F240 /* tropical.png */,
			);
			path = Resources;
			sourceTree = "<group>";
		};
		8AB706332B93C776009A2EC3 /* Menus */ = {
			isa = PBXGroup;
			children = (
				8AFAEAA62B91442C0000A087 /* MenusListView.swift */,
				8AB706312B926F4D009A2EC3 /* MenuDetailView.swift */,
				8AFAEAA02B912DC10000A087 /* AddEditMenuView.swift */,
				8A82CF7F2B9672B90049096A /* MenuListRow.swift */,
			);
			path = Menus;
			sourceTree = "<group>";
		};
		8AB706342B93C7D3009A2EC3 /* MenuItems */ = {
			isa = PBXGroup;
			children = (
				8AFAEAA22B9135590000A087 /* AddMenuItemView.swift */,
				8AFAEAA42B913F100000A087 /* MenuItemListView.swift */,
				8AC369E02BA380E900516C03 /* PicPicker.swift */,
			);
			path = MenuItems;
			sourceTree = "<group>";
		};
		8AC1429C2B8A6ACE002807F5 = {
			isa = PBXGroup;
			children = (
				8AC142A72B8A6ACE002807F5 /* My Cocktail Collection */,
				8AC142B82B8A6ACF002807F5 /* My Cocktail CollectionTests */,
				8AC142C22B8A6ACF002807F5 /* My Cocktail CollectionUITests */,
				8AC142A62B8A6ACE002807F5 /* Products */,
			);
			sourceTree = "<group>";
		};
		8AC142A62B8A6ACE002807F5 /* Products */ = {
			isa = PBXGroup;
			children = (
				8AC142A52B8A6ACE002807F5 /* My Cocktail Collection.app */,
				8AC142B52B8A6ACF002807F5 /* My Cocktail CollectionTests.xctest */,
				8AC142BF2B8A6ACF002807F5 /* My Cocktail CollectionUITests.xctest */,
			);
			name = Products;
			sourceTree = "<group>";
		};
		8AC142A72B8A6ACE002807F5 /* My Cocktail Collection */ = {
			isa = PBXGroup;
			children = (
				8AC142A82B8A6ACE002807F5 /* My_Cocktail_CollectionApp.swift */,
				8AFAEA9E2B912D750000A087 /* ViewUtilities */,
				8AC142DC2B8A7BB9002807F5 /* Views */,
				8AC142DD2B8A7BDB002807F5 /* Data */,
				8AC142AC2B8A6ACF002807F5 /* Assets.xcassets */,
				8A0139A52B97D31A0079F240 /* martini-310425_1280.png */,
				8AFAEA992B90E2F40000A087 /* IMG_6665.heic */,
				8AFAEA972B90E1B90000A087 /* Launch Screen.storyboard */,
				8AC142AE2B8A6ACF002807F5 /* Preview Content */,
			);
			path = "My Cocktail Collection";
			sourceTree = "<group>";
		};
		8AC142AE2B8A6ACF002807F5 /* Preview Content */ = {
			isa = PBXGroup;
			children = (
				8AC142AF2B8A6ACF002807F5 /* Preview Assets.xcassets */,
			);
			path = "Preview Content";
			sourceTree = "<group>";
		};
		8AC142B82B8A6ACF002807F5 /* My Cocktail CollectionTests */ = {
			isa = PBXGroup;
			children = (
				8AC142B92B8A6ACF002807F5 /* My_Cocktail_CollectionTests.swift */,
			);
			path = "My Cocktail CollectionTests";
			sourceTree = "<group>";
		};
		8AC142C22B8A6ACF002807F5 /* My Cocktail CollectionUITests */ = {
			isa = PBXGroup;
			children = (
				8AC142C32B8A6ACF002807F5 /* My_Cocktail_CollectionUITests.swift */,
				8AC142C52B8A6ACF002807F5 /* My_Cocktail_CollectionUITestsLaunchTests.swift */,
			);
			path = "My Cocktail CollectionUITests";
			sourceTree = "<group>";
		};
		8AC142DC2B8A7BB9002807F5 /* Views */ = {
			isa = PBXGroup;
			children = (
				8AC142AA2B8A6ACE002807F5 /* ContentView.swift */,
				8AFAEA9C2B912D1F0000A087 /* CocktailViews */,
				8AFAEA9F2B912D8D0000A087 /* MenuViews */,
				8AFAEA9D2B912D4F0000A087 /* SpiritViews */,
				8A01399E2B97CFBF0079F240 /* Resources */,
			);
			path = Views;
			sourceTree = "<group>";
		};
		8AC142DD2B8A7BDB002807F5 /* Data */ = {
			isa = PBXGroup;
			children = (
				8AC142D22B8A6C01002807F5 /* CocktailRecipe.xcdatamodeld */,
				8AC142D52B8A6C83002807F5 /* DataController.swift */,
			);
			path = Data;
			sourceTree = "<group>";
		};
		8AFAEA9C2B912D1F0000A087 /* CocktailViews */ = {
			isa = PBXGroup;
			children = (
				8AC142D72B8A759B002807F5 /* AddEditCocktailRecipeView.swift */,
				8AC142D92B8A79FE002807F5 /* CocktailListView.swift */,
				8AC142EA2B8F98D9002807F5 /* CocktailDetailView.swift */,
			);
			path = CocktailViews;
			sourceTree = "<group>";
		};
		8AFAEA9D2B912D4F0000A087 /* SpiritViews */ = {
			isa = PBXGroup;
			children = (
				8AC142E62B8D52CB002807F5 /* AddEditSpirit.swift */,
				8AC142E82B8D57AD002807F5 /* SpiritListView.swift */,
			);
			path = SpiritViews;
			sourceTree = "<group>";
		};
		8AFAEA9E2B912D750000A087 /* ViewUtilities */ = {
			isa = PBXGroup;
			children = (
				8AC142E02B8B9E54002807F5 /* MessageComposer.swift */,
				8AC142E22B8BB399002807F5 /* UIFormatingHelpers.swift */,
				8AFAEA952B90D17C0000A087 /* ImagePicker.swift */,
				8AC369D82BA36ED500516C03 /* TextFile.swift */,
			);
			path = ViewUtilities;
			sourceTree = "<group>";
		};
		8AFAEA9F2B912D8D0000A087 /* MenuViews */ = {
			isa = PBXGroup;
			children = (
				8AB706342B93C7D3009A2EC3 /* MenuItems */,
				8AB706332B93C776009A2EC3 /* Menus */,
			);
			path = MenuViews;
			sourceTree = "<group>";
		};
/* End PBXGroup section */

/* Begin PBXNativeTarget section */
		8AC142A42B8A6ACE002807F5 /* My Cocktail Collection */ = {
			isa = PBXNativeTarget;
			buildConfigurationList = 8AC142C92B8A6ACF002807F5 /* Build configuration list for PBXNativeTarget "My Cocktail Collection" */;
			buildPhases = (
				8AC142A12B8A6ACE002807F5 /* Sources */,
				8AC142A22B8A6ACE002807F5 /* Frameworks */,
				8AC142A32B8A6ACE002807F5 /* Resources */,
			);
			buildRules = (
			);
			dependencies = (
			);
			name = "My Cocktail Collection";
			productName = "My Cocktail Collection";
			productReference = 8AC142A52B8A6ACE002807F5 /* My Cocktail Collection.app */;
			productType = "com.apple.product-type.application";
		};
		8AC142B42B8A6ACF002807F5 /* My Cocktail CollectionTests */ = {
			isa = PBXNativeTarget;
			buildConfigurationList = 8AC142CC2B8A6ACF002807F5 /* Build configuration list for PBXNativeTarget "My Cocktail CollectionTests" */;
			buildPhases = (
				8AC142B12B8A6ACF002807F5 /* Sources */,
				8AC142B22B8A6ACF002807F5 /* Frameworks */,
				8AC142B32B8A6ACF002807F5 /* Resources */,
			);
			buildRules = (
			);
			dependencies = (
			);
			name = "My Cocktail CollectionTests";
			productName = "My Cocktail CollectionTests";
			productReference = 8AC142B52B8A6ACF002807F5 /* My Cocktail CollectionTests.xctest */;
			productType = "com.apple.product-type.bundle.unit-test";
		};
		8AC142BE2B8A6ACF002807F5 /* My Cocktail CollectionUITests */ = {
			isa = PBXNativeTarget;
			buildConfigurationList = 8AC142CF2B8A6ACF002807F5 /* Build configuration list for PBXNativeTarget "My Cocktail CollectionUITests" */;
			buildPhases = (
				8AC142BB2B8A6ACF002807F5 /* Sources */,
				8AC142BC2B8A6ACF002807F5 /* Frameworks */,
				8AC142BD2B8A6ACF002807F5 /* Resources */,
			);
			buildRules = (
			);
			dependencies = (
				8AC142C12B8A6ACF002807F5 /* PBXTargetDependency */,
			);
			name = "My Cocktail CollectionUITests";
			productName = "My Cocktail CollectionUITests";
			productReference = 8AC142BF2B8A6ACF002807F5 /* My Cocktail CollectionUITests.xctest */;
			productType = "com.apple.product-type.bundle.ui-testing";
		};
/* End PBXNativeTarget section */

/* Begin PBXProject section */
		8AC1429D2B8A6ACE002807F5 /* Project object */ = {
			isa = PBXProject;
			attributes = {
				BuildIndependentTargetsInParallel = 1;
				LastSwiftUpdateCheck = 1520;
				LastUpgradeCheck = 1520;
				TargetAttributes = {
					8AC142A42B8A6ACE002807F5 = {
						CreatedOnToolsVersion = 15.2;
					};
					8AC142B42B8A6ACF002807F5 = {
						CreatedOnToolsVersion = 15.2;
						TestTargetID = 8AC142A42B8A6ACE002807F5;
					};
					8AC142BE2B8A6ACF002807F5 = {
						CreatedOnToolsVersion = 15.2;
						TestTargetID = 8AC142A42B8A6ACE002807F5;
					};
				};
			};
			buildConfigurationList = 8AC142A02B8A6ACE002807F5 /* Build configuration list for PBXProject "My Cocktail Collection" */;
			compatibilityVersion = "Xcode 14.0";
			developmentRegion = en;
			hasScannedForEncodings = 0;
			knownRegions = (
				en,
				Base,
			);
			mainGroup = 8AC1429C2B8A6ACE002807F5;
			productRefGroup = 8AC142A62B8A6ACE002807F5 /* Products */;
			projectDirPath = "";
			projectRoot = "";
			targets = (
				8AC142A42B8A6ACE002807F5 /* My Cocktail Collection */,
				8AC142B42B8A6ACF002807F5 /* My Cocktail CollectionTests */,
				8AC142BE2B8A6ACF002807F5 /* My Cocktail CollectionUITests */,
			);
		};
/* End PBXProject section */

/* Begin PBXResourcesBuildPhase section */
		8AC142A32B8A6ACE002807F5 /* Resources */ = {
			isa = PBXResourcesBuildPhase;
			buildActionMask = 2147483647;
			files = (
				8A0139A72B97D31A0079F240 /* martini-310425_1280.png in Resources */,
				8AFAEA982B90E1B90000A087 /* Launch Screen.storyboard in Resources */,
				8A0139A32B97D1820079F240 /* tropical.png in Resources */,
				8AC142B02B8A6ACF002807F5 /* Preview Assets.xcassets in Resources */,
				8A0139A42B97D1820079F240 /* lowball.png in Resources */,
				8A0139A82B97D31A0079F240 /* whiskey.png in Resources */,
				8AC142AD2B8A6ACF002807F5 /* Assets.xcassets in Resources */,
			);
			runOnlyForDeploymentPostprocessing = 0;
		};
		8AC142B32B8A6ACF002807F5 /* Resources */ = {
			isa = PBXResourcesBuildPhase;
			buildActionMask = 2147483647;
			files = (
			);
			runOnlyForDeploymentPostprocessing = 0;
		};
		8AC142BD2B8A6ACF002807F5 /* Resources */ = {
			isa = PBXResourcesBuildPhase;
			buildActionMask = 2147483647;
			files = (
			);
			runOnlyForDeploymentPostprocessing = 0;
		};
/* End PBXResourcesBuildPhase section */

/* Begin PBXSourcesBuildPhase section */
		8AC142A12B8A6ACE002807F5 /* Sources */ = {
			isa = PBXSourcesBuildPhase;
			buildActionMask = 2147483647;
			files = (
				8AC142EB2B8F98D9002807F5 /* CocktailDetailView.swift in Sources */,
				8AC142E72B8D52CB002807F5 /* AddEditSpirit.swift in Sources */,
				8AC142D82B8A759B002807F5 /* AddEditCocktailRecipeView.swift in Sources */,
				8AC142D42B8A6C01002807F5 /* CocktailRecipe.xcdatamodeld in Sources */,
				8AFAEAA32B9135590000A087 /* AddMenuItemView.swift in Sources */,
				8AC142DA2B8A79FE002807F5 /* CocktailListView.swift in Sources */,
				8AC369D92BA36ED500516C03 /* TextFile.swift in Sources */,
				8AC142E32B8BB399002807F5 /* UIFormatingHelpers.swift in Sources */,
				8AC369E12BA380E900516C03 /* PicPicker.swift in Sources */,
				8A82CF802B9672B90049096A /* MenuListRow.swift in Sources */,
				8AC142D62B8A6C83002807F5 /* DataController.swift in Sources */,
				8AFAEAA52B913F100000A087 /* MenuItemListView.swift in Sources */,
				8AB706322B926F4D009A2EC3 /* MenuDetailView.swift in Sources */,
				8AC142E12B8B9E54002807F5 /* MessageComposer.swift in Sources */,
				8AC142AB2B8A6ACE002807F5 /* ContentView.swift in Sources */,
				8AFAEAA12B912DC10000A087 /* AddEditMenuView.swift in Sources */,
				8AFAEA962B90D17C0000A087 /* ImagePicker.swift in Sources */,
				8AFAEAA72B91442C0000A087 /* MenusListView.swift in Sources */,
				8AC142A92B8A6ACE002807F5 /* My_Cocktail_CollectionApp.swift in Sources */,
				8AC142E92B8D57AD002807F5 /* SpiritListView.swift in Sources */,
			);
			runOnlyForDeploymentPostprocessing = 0;
		};
		8AC142B12B8A6ACF002807F5 /* Sources */ = {
			isa = PBXSourcesBuildPhase;
			buildActionMask = 2147483647;
			files = (
				8AC142BA2B8A6ACF002807F5 /* My_Cocktail_CollectionTests.swift in Sources */,
			);
			runOnlyForDeploymentPostprocessing = 0;
		};
		8AC142BB2B8A6ACF002807F5 /* Sources */ = {
			isa = PBXSourcesBuildPhase;
			buildActionMask = 2147483647;
			files = (
				8AC142C62B8A6ACF002807F5 /* My_Cocktail_CollectionUITestsLaunchTests.swift in Sources */,
				8AC142C42B8A6ACF002807F5 /* My_Cocktail_CollectionUITests.swift in Sources */,
			);
			runOnlyForDeploymentPostprocessing = 0;
		};
/* End PBXSourcesBuildPhase section */

/* Begin PBXTargetDependency section */
		8AC142C12B8A6ACF002807F5 /* PBXTargetDependency */ = {
			isa = PBXTargetDependency;
			target = 8AC142A42B8A6ACE002807F5 /* My Cocktail Collection */;
			targetProxy = 8AC142C02B8A6ACF002807F5 /* PBXContainerItemProxy */;
		};
/* End PBXTargetDependency section */

/* Begin XCBuildConfiguration section */
		8AC142C72B8A6ACF002807F5 /* Debug */ = {
			isa = XCBuildConfiguration;
			buildSettings = {
				ALWAYS_SEARCH_USER_PATHS = NO;
				ASSETCATALOG_COMPILER_GENERATE_SWIFT_ASSET_SYMBOL_EXTENSIONS = YES;
				CLANG_ANALYZER_NONNULL = YES;
				CLANG_ANALYZER_NUMBER_OBJECT_CONVERSION = YES_AGGRESSIVE;
				CLANG_CXX_LANGUAGE_STANDARD = "gnu++20";
				CLANG_ENABLE_MODULES = YES;
				CLANG_ENABLE_OBJC_ARC = YES;
				CLANG_ENABLE_OBJC_WEAK = YES;
				CLANG_WARN_BLOCK_CAPTURE_AUTORELEASING = YES;
				CLANG_WARN_BOOL_CONVERSION = YES;
				CLANG_WARN_COMMA = YES;
				CLANG_WARN_CONSTANT_CONVERSION = YES;
				CLANG_WARN_DEPRECATED_OBJC_IMPLEMENTATIONS = YES;
				CLANG_WARN_DIRECT_OBJC_ISA_USAGE = YES_ERROR;
				CLANG_WARN_DOCUMENTATION_COMMENTS = YES;
				CLANG_WARN_EMPTY_BODY = YES;
				CLANG_WARN_ENUM_CONVERSION = YES;
				CLANG_WARN_INFINITE_RECURSION = YES;
				CLANG_WARN_INT_CONVERSION = YES;
				CLANG_WARN_NON_LITERAL_NULL_CONVERSION = YES;
				CLANG_WARN_OBJC_IMPLICIT_RETAIN_SELF = YES;
				CLANG_WARN_OBJC_LITERAL_CONVERSION = YES;
				CLANG_WARN_OBJC_ROOT_CLASS = YES_ERROR;
				CLANG_WARN_QUOTED_INCLUDE_IN_FRAMEWORK_HEADER = YES;
				CLANG_WARN_RANGE_LOOP_ANALYSIS = YES;
				CLANG_WARN_STRICT_PROTOTYPES = YES;
				CLANG_WARN_SUSPICIOUS_MOVE = YES;
				CLANG_WARN_UNGUARDED_AVAILABILITY = YES_AGGRESSIVE;
				CLANG_WARN_UNREACHABLE_CODE = YES;
				CLANG_WARN__DUPLICATE_METHOD_MATCH = YES;
				COPY_PHASE_STRIP = NO;
				DEBUG_INFORMATION_FORMAT = dwarf;
				ENABLE_STRICT_OBJC_MSGSEND = YES;
				ENABLE_TESTABILITY = YES;
				ENABLE_USER_SCRIPT_SANDBOXING = YES;
				GCC_C_LANGUAGE_STANDARD = gnu17;
				GCC_DYNAMIC_NO_PIC = NO;
				GCC_NO_COMMON_BLOCKS = YES;
				GCC_OPTIMIZATION_LEVEL = 0;
				GCC_PREPROCESSOR_DEFINITIONS = (
					"DEBUG=1",
					"$(inherited)",
				);
				GCC_WARN_64_TO_32_BIT_CONVERSION = YES;
				GCC_WARN_ABOUT_RETURN_TYPE = YES_ERROR;
				GCC_WARN_UNDECLARED_SELECTOR = YES;
				GCC_WARN_UNINITIALIZED_AUTOS = YES_AGGRESSIVE;
				GCC_WARN_UNUSED_FUNCTION = YES;
				GCC_WARN_UNUSED_VARIABLE = YES;
				IPHONEOS_DEPLOYMENT_TARGET = 17.2;
				LOCALIZATION_PREFERS_STRING_CATALOGS = YES;
				MTL_ENABLE_DEBUG_INFO = INCLUDE_SOURCE;
				MTL_FAST_MATH = YES;
				ONLY_ACTIVE_ARCH = YES;
				SDKROOT = iphoneos;
				SWIFT_ACTIVE_COMPILATION_CONDITIONS = "DEBUG $(inherited)";
				SWIFT_OPTIMIZATION_LEVEL = "-Onone";
			};
			name = Debug;
		};
		8AC142C82B8A6ACF002807F5 /* Release */ = {
			isa = XCBuildConfiguration;
			buildSettings = {
				ALWAYS_SEARCH_USER_PATHS = NO;
				ASSETCATALOG_COMPILER_GENERATE_SWIFT_ASSET_SYMBOL_EXTENSIONS = YES;
				CLANG_ANALYZER_NONNULL = YES;
				CLANG_ANALYZER_NUMBER_OBJECT_CONVERSION = YES_AGGRESSIVE;
				CLANG_CXX_LANGUAGE_STANDARD = "gnu++20";
				CLANG_ENABLE_MODULES = YES;
				CLANG_ENABLE_OBJC_ARC = YES;
				CLANG_ENABLE_OBJC_WEAK = YES;
				CLANG_WARN_BLOCK_CAPTURE_AUTORELEASING = YES;
				CLANG_WARN_BOOL_CONVERSION = YES;
				CLANG_WARN_COMMA = YES;
				CLANG_WARN_CONSTANT_CONVERSION = YES;
				CLANG_WARN_DEPRECATED_OBJC_IMPLEMENTATIONS = YES;
				CLANG_WARN_DIRECT_OBJC_ISA_USAGE = YES_ERROR;
				CLANG_WARN_DOCUMENTATION_COMMENTS = YES;
				CLANG_WARN_EMPTY_BODY = YES;
				CLANG_WARN_ENUM_CONVERSION = YES;
				CLANG_WARN_INFINITE_RECURSION = YES;
				CLANG_WARN_INT_CONVERSION = YES;
				CLANG_WARN_NON_LITERAL_NULL_CONVERSION = YES;
				CLANG_WARN_OBJC_IMPLICIT_RETAIN_SELF = YES;
				CLANG_WARN_OBJC_LITERAL_CONVERSION = YES;
				CLANG_WARN_OBJC_ROOT_CLASS = YES_ERROR;
				CLANG_WARN_QUOTED_INCLUDE_IN_FRAMEWORK_HEADER = YES;
				CLANG_WARN_RANGE_LOOP_ANALYSIS = YES;
				CLANG_WARN_STRICT_PROTOTYPES = YES;
				CLANG_WARN_SUSPICIOUS_MOVE = YES;
				CLANG_WARN_UNGUARDED_AVAILABILITY = YES_AGGRESSIVE;
				CLANG_WARN_UNREACHABLE_CODE = YES;
				CLANG_WARN__DUPLICATE_METHOD_MATCH = YES;
				COPY_PHASE_STRIP = NO;
				DEBUG_INFORMATION_FORMAT = "dwarf-with-dsym";
				ENABLE_NS_ASSERTIONS = NO;
				ENABLE_STRICT_OBJC_MSGSEND = YES;
				ENABLE_USER_SCRIPT_SANDBOXING = YES;
				GCC_C_LANGUAGE_STANDARD = gnu17;
				GCC_NO_COMMON_BLOCKS = YES;
				GCC_WARN_64_TO_32_BIT_CONVERSION = YES;
				GCC_WARN_ABOUT_RETURN_TYPE = YES_ERROR;
				GCC_WARN_UNDECLARED_SELECTOR = YES;
				GCC_WARN_UNINITIALIZED_AUTOS = YES_AGGRESSIVE;
				GCC_WARN_UNUSED_FUNCTION = YES;
				GCC_WARN_UNUSED_VARIABLE = YES;
				IPHONEOS_DEPLOYMENT_TARGET = 17.2;
				LOCALIZATION_PREFERS_STRING_CATALOGS = YES;
				MTL_ENABLE_DEBUG_INFO = NO;
				MTL_FAST_MATH = YES;
				SDKROOT = iphoneos;
				SWIFT_COMPILATION_MODE = wholemodule;
				VALIDATE_PRODUCT = YES;
			};
			name = Release;
		};
		8AC142CA2B8A6ACF002807F5 /* Debug */ = {
			isa = XCBuildConfiguration;
			buildSettings = {
				ASSETCATALOG_COMPILER_APPICON_NAME = AppIcon;
				ASSETCATALOG_COMPILER_GLOBAL_ACCENT_COLOR_NAME = AccentColor;
				CODE_SIGN_STYLE = Automatic;
				CURRENT_PROJECT_VERSION = 1;
				DEVELOPMENT_ASSET_PATHS = "\"My Cocktail Collection/Preview Content\"";
				DEVELOPMENT_TEAM = 72D92MZCWN;
				ENABLE_PREVIEWS = YES;
				GENERATE_INFOPLIST_FILE = YES;
				INFOPLIST_FILE = "My-Cocktail-Collection-Info.plist";
				INFOPLIST_KEY_CFBundleDisplayName = "Cocktail Collection";
				INFOPLIST_KEY_LSApplicationCategoryType = "public.app-category.food-and-drink";
				INFOPLIST_KEY_LSSupportsOpeningDocumentsInPlace = YES;
				INFOPLIST_KEY_UIApplicationSceneManifest_Generation = YES;
				INFOPLIST_KEY_UIApplicationSupportsIndirectInputEvents = YES;
				INFOPLIST_KEY_UILaunchScreen_Generation = YES;
				INFOPLIST_KEY_UILaunchStoryboardName = "Launch Screen.storyboard";
				INFOPLIST_KEY_UISupportedInterfaceOrientations_iPad = "UIInterfaceOrientationPortrait UIInterfaceOrientationPortraitUpsideDown UIInterfaceOrientationLandscapeLeft UIInterfaceOrientationLandscapeRight";
				INFOPLIST_KEY_UISupportedInterfaceOrientations_iPhone = "UIInterfaceOrientationPortrait UIInterfaceOrientationLandscapeLeft UIInterfaceOrientationLandscapeRight";
				INFOPLIST_KEY_UISupportsDocumentBrowser = YES;
				IPHONEOS_DEPLOYMENT_TARGET = 15.0;
				LD_RUNPATH_SEARCH_PATHS = (
					"$(inherited)",
					"@executable_path/Frameworks",
				);
				MARKETING_VERSION = 1.3;
				PRODUCT_BUNDLE_IDENTIFIER = "Lemursoft.My-Cocktail-Collection";
				PRODUCT_NAME = "$(TARGET_NAME)";
				SWIFT_EMIT_LOC_STRINGS = YES;
				SWIFT_VERSION = 5.0;
				TARGETED_DEVICE_FAMILY = "1,2";
			};
			name = Debug;
		};
		8AC142CB2B8A6ACF002807F5 /* Release */ = {
			isa = XCBuildConfiguration;
			buildSettings = {
				ASSETCATALOG_COMPILER_APPICON_NAME = AppIcon;
				ASSETCATALOG_COMPILER_GLOBAL_ACCENT_COLOR_NAME = AccentColor;
				CODE_SIGN_STYLE = Automatic;
				CURRENT_PROJECT_VERSION = 2;
				DEVELOPMENT_ASSET_PATHS = "\"My Cocktail Collection/Preview Content\"";
				DEVELOPMENT_TEAM = 72D92MZCWN;
				ENABLE_PREVIEWS = YES;
				GENERATE_INFOPLIST_FILE = YES;
				INFOPLIST_FILE = "My-Cocktail-Collection-Info.plist";
				INFOPLIST_KEY_CFBundleDisplayName = "Cocktail Collection";
				INFOPLIST_KEY_LSApplicationCategoryType = "public.app-category.food-and-drink";
				INFOPLIST_KEY_LSSupportsOpeningDocumentsInPlace = YES;
				INFOPLIST_KEY_UIApplicationSceneManifest_Generation = YES;
				INFOPLIST_KEY_UIApplicationSupportsIndirectInputEvents = YES;
				INFOPLIST_KEY_UILaunchScreen_Generation = YES;
				INFOPLIST_KEY_UILaunchStoryboardName = "Launch Screen.storyboard";
				INFOPLIST_KEY_UISupportedInterfaceOrientations_iPad = "UIInterfaceOrientationPortrait UIInterfaceOrientationPortraitUpsideDown UIInterfaceOrientationLandscapeLeft UIInterfaceOrientationLandscapeRight";
				INFOPLIST_KEY_UISupportedInterfaceOrientations_iPhone = "UIInterfaceOrientationPortrait UIInterfaceOrientationLandscapeLeft UIInterfaceOrientationLandscapeRight";
				INFOPLIST_KEY_UISupportsDocumentBrowser = YES;
				IPHONEOS_DEPLOYMENT_TARGET = 15.0;
				LD_RUNPATH_SEARCH_PATHS = (
					"$(inherited)",
					"@executable_path/Frameworks",
				);
				MARKETING_VERSION = 1.3;
				PRODUCT_BUNDLE_IDENTIFIER = "Lemursoft.My-Cocktail-Collection";
				PRODUCT_NAME = "$(TARGET_NAME)";
				SWIFT_EMIT_LOC_STRINGS = YES;
				SWIFT_VERSION = 5.0;
				TARGETED_DEVICE_FAMILY = "1,2";
			};
			name = Release;
		};
		8AC142CD2B8A6ACF002807F5 /* Debug */ = {
			isa = XCBuildConfiguration;
			buildSettings = {
				ALWAYS_EMBED_SWIFT_STANDARD_LIBRARIES = YES;
				BUNDLE_LOADER = "$(TEST_HOST)";
				CODE_SIGN_STYLE = Automatic;
				CURRENT_PROJECT_VERSION = 1;
				DEVELOPMENT_TEAM = 72D92MZCWN;
				GENERATE_INFOPLIST_FILE = YES;
				IPHONEOS_DEPLOYMENT_TARGET = 17.2;
				MARKETING_VERSION = 1.0;
				PRODUCT_BUNDLE_IDENTIFIER = "Lemursoft.My-Cocktail-CollectionTests";
				PRODUCT_NAME = "$(TARGET_NAME)";
				SWIFT_EMIT_LOC_STRINGS = NO;
				SWIFT_VERSION = 5.0;
				TARGETED_DEVICE_FAMILY = "1,2";
				TEST_HOST = "$(BUILT_PRODUCTS_DIR)/My Cocktail Collection.app/$(BUNDLE_EXECUTABLE_FOLDER_PATH)/My Cocktail Collection";
			};
			name = Debug;
		};
		8AC142CE2B8A6ACF002807F5 /* Release */ = {
			isa = XCBuildConfiguration;
			buildSettings = {
				ALWAYS_EMBED_SWIFT_STANDARD_LIBRARIES = YES;
				BUNDLE_LOADER = "$(TEST_HOST)";
				CODE_SIGN_STYLE = Automatic;
				CURRENT_PROJECT_VERSION = 1;
				DEVELOPMENT_TEAM = 72D92MZCWN;
				GENERATE_INFOPLIST_FILE = YES;
				IPHONEOS_DEPLOYMENT_TARGET = 17.2;
				MARKETING_VERSION = 1.0;
				PRODUCT_BUNDLE_IDENTIFIER = "Lemursoft.My-Cocktail-CollectionTests";
				PRODUCT_NAME = "$(TARGET_NAME)";
				SWIFT_EMIT_LOC_STRINGS = NO;
				SWIFT_VERSION = 5.0;
				TARGETED_DEVICE_FAMILY = "1,2";
				TEST_HOST = "$(BUILT_PRODUCTS_DIR)/My Cocktail Collection.app/$(BUNDLE_EXECUTABLE_FOLDER_PATH)/My Cocktail Collection";
			};
			name = Release;
		};
		8AC142D02B8A6ACF002807F5 /* Debug */ = {
			isa = XCBuildConfiguration;
			buildSettings = {
				ALWAYS_EMBED_SWIFT_STANDARD_LIBRARIES = YES;
				CODE_SIGN_STYLE = Automatic;
				CURRENT_PROJECT_VERSION = 1;
				DEVELOPMENT_TEAM = 72D92MZCWN;
				GENERATE_INFOPLIST_FILE = YES;
				MARKETING_VERSION = 1.0;
				PRODUCT_BUNDLE_IDENTIFIER = "Lemursoft.My-Cocktail-CollectionUITests";
				PRODUCT_NAME = "$(TARGET_NAME)";
				SWIFT_EMIT_LOC_STRINGS = NO;
				SWIFT_VERSION = 5.0;
				TARGETED_DEVICE_FAMILY = "1,2";
				TEST_TARGET_NAME = "My Cocktail Collection";
			};
			name = Debug;
		};
		8AC142D12B8A6ACF002807F5 /* Release */ = {
			isa = XCBuildConfiguration;
			buildSettings = {
				ALWAYS_EMBED_SWIFT_STANDARD_LIBRARIES = YES;
				CODE_SIGN_STYLE = Automatic;
				CURRENT_PROJECT_VERSION = 1;
				DEVELOPMENT_TEAM = 72D92MZCWN;
				GENERATE_INFOPLIST_FILE = YES;
				MARKETING_VERSION = 1.0;
				PRODUCT_BUNDLE_IDENTIFIER = "Lemursoft.My-Cocktail-CollectionUITests";
				PRODUCT_NAME = "$(TARGET_NAME)";
				SWIFT_EMIT_LOC_STRINGS = NO;
				SWIFT_VERSION = 5.0;
				TARGETED_DEVICE_FAMILY = "1,2";
				TEST_TARGET_NAME = "My Cocktail Collection";
			};
			name = Release;
		};
/* End XCBuildConfiguration section */

/* Begin XCConfigurationList section */
		8AC142A02B8A6ACE002807F5 /* Build configuration list for PBXProject "My Cocktail Collection" */ = {
			isa = XCConfigurationList;
			buildConfigurations = (
				8AC142C72B8A6ACF002807F5 /* Debug */,
				8AC142C82B8A6ACF002807F5 /* Release */,
			);
			defaultConfigurationIsVisible = 0;
			defaultConfigurationName = Release;
		};
		8AC142C92B8A6ACF002807F5 /* Build configuration list for PBXNativeTarget "My Cocktail Collection" */ = {
			isa = XCConfigurationList;
			buildConfigurations = (
				8AC142CA2B8A6ACF002807F5 /* Debug */,
				8AC142CB2B8A6ACF002807F5 /* Release */,
			);
			defaultConfigurationIsVisible = 0;
			defaultConfigurationName = Release;
		};
		8AC142CC2B8A6ACF002807F5 /* Build configuration list for PBXNativeTarget "My Cocktail CollectionTests" */ = {
			isa = XCConfigurationList;
			buildConfigurations = (
				8AC142CD2B8A6ACF002807F5 /* Debug */,
				8AC142CE2B8A6ACF002807F5 /* Release */,
			);
			defaultConfigurationIsVisible = 0;
			defaultConfigurationName = Release;
		};
		8AC142CF2B8A6ACF002807F5 /* Build configuration list for PBXNativeTarget "My Cocktail CollectionUITests" */ = {
			isa = XCConfigurationList;
			buildConfigurations = (
				8AC142D02B8A6ACF002807F5 /* Debug */,
				8AC142D12B8A6ACF002807F5 /* Release */,
			);
			defaultConfigurationIsVisible = 0;
			defaultConfigurationName = Release;
		};
/* End XCConfigurationList section */

/* Begin XCVersionGroup section */
		8AC142D22B8A6C01002807F5 /* CocktailRecipe.xcdatamodeld */ = {
			isa = XCVersionGroup;
			children = (
				8AC142D32B8A6C01002807F5 /* CocktailRecipe.xcdatamodel */,
			);
			currentVersion = 8AC142D32B8A6C01002807F5 /* CocktailRecipe.xcdatamodel */;
			path = CocktailRecipe.xcdatamodeld;
			sourceTree = "<group>";
			versionGroupType = wrapper.xcdatamodel;
		};
/* End XCVersionGroup section */
	};
	rootObject = 8AC1429D2B8A6ACE002807F5 /* Project object */;
}
